
Microsoft Visual Studio Solution File, Format Version 12.00
# Visual Studio Version 17
VisualStudioVersion = 17.7.34009.444
MinimumVisualStudioVersion = 10.0.40219.1
Project("{9A19103F-16F7-4668-BE54-9A1E7A4F7556}") = "Task2MVC", "Task2MVC\Task2MVC.csproj", "{892D2DBA-6593-4C5F-B7D0-028D255ED700}"
EndProject
Project("{FAE04EC0-301F-11D3-BF4B-00C04F79EFBC}") = "test_ecommerce", "test_ecommerce\test_ecommerce.csproj", "{9799D2EF-8C9C-4ED0-AAB4-02643F3CD5F0}"
EndProject
Global
	GlobalSection(SolutionConfigurationPlatforms) = preSolution
		Debug|Any CPU = Debug|Any CPU
		Release|Any CPU = Release|Any CPU
	EndGlobalSection
	GlobalSection(ProjectConfigurationPlatforms) = postSolution
		{892D2DBA-6593-4C5F-B7D0-028D255ED700}.Debug|Any CPU.ActiveCfg = Debug|Any CPU
		{892D2DBA-6593-4C5F-B7D0-028D255ED700}.Debug|Any CPU.Build.0 = Debug|Any CPU
		{892D2DBA-6593-4C5F-B7D0-028D255ED700}.Release|Any CPU.ActiveCfg = Release|Any CPU
		{892D2DBA-6593-4C5F-B7D0-028D255ED700}.Release|Any CPU.Build.0 = Release|Any CPU
		{9799D2EF-8C9C-4ED0-AAB4-02643F3CD5F0}.Debug|Any CPU.ActiveCfg = Debug|Any CPU
		{9799D2EF-8C9C-4ED0-AAB4-02643F3CD5F0}.Debug|Any CPU.Build.0 = Debug|Any CPU
		{9799D2EF-8C9C-4ED0-AAB4-02643F3CD5F0}.Release|Any CPU.ActiveCfg = Release|Any CPU
		{9799D2EF-8C9C-4ED0-AAB4-02643F3CD5F0}.Release|Any CPU.Build.0 = Release|Any CPU
	EndGlobalSection
	GlobalSection(SolutionProperties) = preSolution
		HideSolutionNode = FALSE
	EndGlobalSection
	GlobalSection(ExtensibilityGlobals) = postSolution
		SolutionGuid = {5A01BAEA-6B17-449D-B919-AB97337E6E27}
	EndGlobalSection
EndGlobal
